// !$*UTF8*$!
{
	archiveVersion = 1;
	classes = {
	};
	objectVersion = 50;
	objects = {

/* Begin PBXBuildFile section */
		DB1F00402144E5F400CBB01E /* AppDelegate.swift in Sources */ = {isa = PBXBuildFile; fileRef = DB1F003F2144E5F400CBB01E /* AppDelegate.swift */; };
		DB1F00422144E5F400CBB01E /* ViewController.swift in Sources */ = {isa = PBXBuildFile; fileRef = DB1F00412144E5F400CBB01E /* ViewController.swift */; };
		DB1F00452144E5F400CBB01E /* Main.storyboard in Resources */ = {isa = PBXBuildFile; fileRef = DB1F00432144E5F400CBB01E /* Main.storyboard */; };
		DB1F00472144E5F600CBB01E /* Assets.xcassets in Resources */ = {isa = PBXBuildFile; fileRef = DB1F00462144E5F600CBB01E /* Assets.xcassets */; };
		DB1F004A2144E5F600CBB01E /* LaunchScreen.storyboard in Resources */ = {isa = PBXBuildFile; fileRef = DB1F00482144E5F600CBB01E /* LaunchScreen.storyboard */; };
		DB1F00552144E5F600CBB01E /* Tip_CalculatorTests.swift in Sources */ = {isa = PBXBuildFile; fileRef = DB1F00542144E5F600CBB01E /* Tip_CalculatorTests.swift */; };
		DB1F00602144E5F600CBB01E /* Tip_CalculatorUITests.swift in Sources */ = {isa = PBXBuildFile; fileRef = DB1F005F2144E5F600CBB01E /* Tip_CalculatorUITests.swift */; };
		DBE1980C21471C8000D5D1FF /* SettingsViewController.swift in Sources */ = {isa = PBXBuildFile; fileRef = DBE1980B21471C8000D5D1FF /* SettingsViewController.swift */; };
/* End PBXBuildFile section */

/* Begin PBXContainerItemProxy section */
		DB1F00512144E5F600CBB01E /* PBXContainerItemProxy */ = {
			isa = PBXContainerItemProxy;
			containerPortal = DB1F00342144E5F400CBB01E /* Project object */;
			proxyType = 1;
			remoteGlobalIDString = DB1F003B2144E5F400CBB01E;
			remoteInfo = "Tip Calculator";
		};
		DB1F005C2144E5F600CBB01E /* PBXContainerItemProxy */ = {
			isa = PBXContainerItemProxy;
			containerPortal = DB1F00342144E5F400CBB01E /* Project object */;
			proxyType = 1;
			remoteGlobalIDString = DB1F003B2144E5F400CBB01E;
			remoteInfo = "Tip Calculator";
		};
/* End PBXContainerItemProxy section */

/* Begin PBXFileReference section */
		DB1F003C2144E5F400CBB01E /* Tip Calculator.app */ = {isa = PBXFileReference; explicitFileType = wrapper.application; includeInIndex = 0; path = "Tip Calculator.app"; sourceTree = BUILT_PRODUCTS_DIR; };
		DB1F003F2144E5F400CBB01E /* AppDelegate.swift */ = {isa = PBXFileReference; lastKnownFileType = sourcecode.swift; path = AppDelegate.swift; sourceTree = "<group>"; };
		DB1F00412144E5F400CBB01E /* ViewController.swift */ = {isa = PBXFileReference; lastKnownFileType = sourcecode.swift; path = ViewController.swift; sourceTree = "<group>"; };
		DB1F00442144E5F400CBB01E /* Base */ = {isa = PBXFileReference; lastKnownFileType = file.storyboard; name = Base; path = Base.lproj/Main.storyboard; sourceTree = "<group>"; };
		DB1F00462144E5F600CBB01E /* Assets.xcassets */ = {isa = PBXFileReference; lastKnownFileType = folder.assetcatalog; path = Assets.xcassets; sourceTree = "<group>"; };
		DB1F00492144E5F600CBB01E /* Base */ = {isa = PBXFileReference; lastKnownFileType = file.storyboard; name = Base; path = Base.lproj/LaunchScreen.storyboard; sourceTree = "<group>"; };
		DB1F004B2144E5F600CBB01E /* Info.plist */ = {isa = PBXFileReference; lastKnownFileType = text.plist.xml; path = Info.plist; sourceTree = "<group>"; };
		DB1F00502144E5F600CBB01E /* Tip CalculatorTests.xctest */ = {isa = PBXFileReference; explicitFileType = wrapper.cfbundle; includeInIndex = 0; path = "Tip CalculatorTests.xctest"; sourceTree = BUILT_PRODUCTS_DIR; };
		DB1F00542144E5F600CBB01E /* Tip_CalculatorTests.swift */ = {isa = PBXFileReference; lastKnownFileType = sourcecode.swift; path = Tip_CalculatorTests.swift; sourceTree = "<group>"; };
		DB1F00562144E5F600CBB01E /* Info.plist */ = {isa = PBXFileReference; lastKnownFileType = text.plist.xml; path = Info.plist; sourceTree = "<group>"; };
		DB1F005B2144E5F600CBB01E /* Tip CalculatorUITests.xctest */ = {isa = PBXFileReference; explicitFileType = wrapper.cfbundle; includeInIndex = 0; path = "Tip CalculatorUITests.xctest"; sourceTree = BUILT_PRODUCTS_DIR; };
		DB1F005F2144E5F600CBB01E /* Tip_CalculatorUITests.swift */ = {isa = PBXFileReference; lastKnownFileType = sourcecode.swift; path = Tip_CalculatorUITests.swift; sourceTree = "<group>"; };
		DB1F00612144E5F600CBB01E /* Info.plist */ = {isa = PBXFileReference; lastKnownFileType = text.plist.xml; path = Info.plist; sourceTree = "<group>"; };
		DBE1980B21471C8000D5D1FF /* SettingsViewController.swift */ = {isa = PBXFileReference; lastKnownFileType = sourcecode.swift; path = SettingsViewController.swift; sourceTree = "<group>"; };
/* End PBXFileReference section */

/* Begin PBXFrameworksBuildPhase section */
		DB1F00392144E5F400CBB01E /* Frameworks */ = {
			isa = PBXFrameworksBuildPhase;
			buildActionMask = 2147483647;
			files = (
			);
			runOnlyForDeploymentPostprocessing = 0;
		};
		DB1F004D2144E5F600CBB01E /* Frameworks */ = {
			isa = PBXFrameworksBuildPhase;
			buildActionMask = 2147483647;
			files = (
			);
			runOnlyForDeploymentPostprocessing = 0;
		};
		DB1F00582144E5F600CBB01E /* Frameworks */ = {
			isa = PBXFrameworksBuildPhase;
			buildActionMask = 2147483647;
			files = (
			);
			runOnlyForDeploymentPostprocessing = 0;
		};
/* End PBXFrameworksBuildPhase section */

/* Begin PBXGroup section */
		DB1F00332144E5F400CBB01E = {
			isa = PBXGroup;
			children = (
				DBE1980B21471C8000D5D1FF /* SettingsViewController.swift */,
				DB1F003E2144E5F400CBB01E /* Tip Calculator */,
				DB1F00532144E5F600CBB01E /* Tip CalculatorTests */,
				DB1F005E2144E5F600CBB01E /* Tip CalculatorUITests */,
				DB1F003D2144E5F400CBB01E /* Products */,
			);
			sourceTree = "<group>";
		};
		DB1F003D2144E5F400CBB01E /* Products */ = {
			isa = PBXGroup;
			children = (
				DB1F003C2144E5F400CBB01E /* Tip Calculator.app */,
				DB1F00502144E5F600CBB01E /* Tip CalculatorTests.xctest */,
				DB1F005B2144E5F600CBB01E /* Tip CalculatorUITests.xctest */,
			);
			name = Products;
			sourceTree = "<group>";
		};
		DB1F003E2144E5F400CBB01E /* Tip Calculator */ = {
			isa = PBXGroup;
			children = (
				DB1F003F2144E5F400CBB01E /* AppDelegate.swift */,
				DB1F00412144E5F400CBB01E /* ViewController.swift */,
				DB1F00432144E5F400CBB01E /* Main.storyboard */,
				DB1F00462144E5F600CBB01E /* Assets.xcassets */,
				DB1F00482144E5F600CBB01E /* LaunchScreen.storyboard */,
				DB1F004B2144E5F600CBB01E /* Info.plist */,
			);
			path = "Tip Calculator";
			sourceTree = "<group>";
		};
		DB1F00532144E5F600CBB01E /* Tip CalculatorTests */ = {
			isa = PBXGroup;
			children = (
				DB1F00542144E5F600CBB01E /* Tip_CalculatorTests.swift */,
				DB1F00562144E5F600CBB01E /* Info.plist */,
			);
			path = "Tip CalculatorTests";
			sourceTree = "<group>";
		};
		DB1F005E2144E5F600CBB01E /* Tip CalculatorUITests */ = {
			isa = PBXGroup;
			children = (
				DB1F005F2144E5F600CBB01E /* Tip_CalculatorUITests.swift */,
				DB1F00612144E5F600CBB01E /* Info.plist */,
			);
			path = "Tip CalculatorUITests";
			sourceTree = "<group>";
		};
/* End PBXGroup section */

/* Begin PBXNativeTarget section */
		DB1F003B2144E5F400CBB01E /* Tip Calculator */ = {
			isa = PBXNativeTarget;
			buildConfigurationList = DB1F00642144E5F600CBB01E /* Build configuration list for PBXNativeTarget "Tip Calculator" */;
			buildPhases = (
				DB1F00382144E5F400CBB01E /* Sources */,
				DB1F00392144E5F400CBB01E /* Frameworks */,
				DB1F003A2144E5F400CBB01E /* Resources */,
			);
			buildRules = (
			);
			dependencies = (
			);
			name = "Tip Calculator";
			productName = "Tip Calculator";
			productReference = DB1F003C2144E5F400CBB01E /* Tip Calculator.app */;
			productType = "com.apple.product-type.application";
		};
		DB1F004F2144E5F600CBB01E /* Tip CalculatorTests */ = {
			isa = PBXNativeTarget;
			buildConfigurationList = DB1F00672144E5F600CBB01E /* Build configuration list for PBXNativeTarget "Tip CalculatorTests" */;
			buildPhases = (
				DB1F004C2144E5F600CBB01E /* Sources */,
				DB1F004D2144E5F600CBB01E /* Frameworks */,
				DB1F004E2144E5F600CBB01E /* Resources */,
			);
			buildRules = (
			);
			dependencies = (
				DB1F00522144E5F600CBB01E /* PBXTargetDependency */,
			);
			name = "Tip CalculatorTests";
			productName = "Tip CalculatorTests";
			productReference = DB1F00502144E5F600CBB01E /* Tip CalculatorTests.xctest */;
			productType = "com.apple.product-type.bundle.unit-test";
		};
		DB1F005A2144E5F600CBB01E /* Tip CalculatorUITests */ = {
			isa = PBXNativeTarget;
			buildConfigurationList = DB1F006A2144E5F600CBB01E /* Build configuration list for PBXNativeTarget "Tip CalculatorUITests" */;
			buildPhases = (
				DB1F00572144E5F600CBB01E /* Sources */,
				DB1F00582144E5F600CBB01E /* Frameworks */,
				DB1F00592144E5F600CBB01E /* Resources */,
			);
			buildRules = (
			);
			dependencies = (
				DB1F005D2144E5F600CBB01E /* PBXTargetDependency */,
			);
			name = "Tip CalculatorUITests";
			productName = "Tip CalculatorUITests";
			productReference = DB1F005B2144E5F600CBB01E /* Tip CalculatorUITests.xctest */;
			productType = "com.apple.product-type.bundle.ui-testing";
		};
/* End PBXNativeTarget section */

/* Begin PBXProject section */
		DB1F00342144E5F400CBB01E /* Project object */ = {
			isa = PBXProject;
			attributes = {
				LastSwiftUpdateCheck = 0940;
				LastUpgradeCheck = 0940;
				ORGANIZATIONNAME = zw;
				TargetAttributes = {
					DB1F003B2144E5F400CBB01E = {
						CreatedOnToolsVersion = 9.4.1;
					};
					DB1F004F2144E5F600CBB01E = {
						CreatedOnToolsVersion = 9.4.1;
						TestTargetID = DB1F003B2144E5F400CBB01E;
					};
					DB1F005A2144E5F600CBB01E = {
						CreatedOnToolsVersion = 9.4.1;
						TestTargetID = DB1F003B2144E5F400CBB01E;
					};
				};
			};
			buildConfigurationList = DB1F00372144E5F400CBB01E /* Build configuration list for PBXProject "Tip Calculator" */;
			compatibilityVersion = "Xcode 9.3";
			developmentRegion = en;
			hasScannedForEncodings = 0;
			knownRegions = (
				en,
				Base,
			);
			mainGroup = DB1F00332144E5F400CBB01E;
			productRefGroup = DB1F003D2144E5F400CBB01E /* Products */;
			projectDirPath = "";
			projectRoot = "";
			targets = (
				DB1F003B2144E5F400CBB01E /* Tip Calculator */,
				DB1F004F2144E5F600CBB01E /* Tip CalculatorTests */,
				DB1F005A2144E5F600CBB01E /* Tip CalculatorUITests */,
			);
		};
/* End PBXProject section */

/* Begin PBXResourcesBuildPhase section */
		DB1F003A2144E5F400CBB01E /* Resources */ = {
			isa = PBXResourcesBuildPhase;
			buildActionMask = 2147483647;
			files = (
				DB1F004A2144E5F600CBB01E /* LaunchScreen.storyboard in Resources */,
				DB1F00472144E5F600CBB01E /* Assets.xcassets in Resources */,
				DB1F00452144E5F400CBB01E /* Main.storyboard in Resources */,
			);
			runOnlyForDeploymentPostprocessing = 0;
		};
		DB1F004E2144E5F600CBB01E /* Resources */ = {
			isa = PBXResourcesBuildPhase;
			buildActionMask = 2147483647;
			files = (
			);
			runOnlyForDeploymentPostprocessing = 0;
		};
		DB1F00592144E5F600CBB01E /* Resources */ = {
			isa = PBXResourcesBuildPhase;
			buildActionMask = 2147483647;
			files = (
			);
			runOnlyForDeploymentPostprocessing = 0;
		};
/* End PBXResourcesBuildPhase section */

/* Begin PBXSourcesBuildPhase section */
		DB1F00382144E5F400CBB01E /* Sources */ = {
			isa = PBXSourcesBuildPhase;
			buildActionMask = 2147483647;
			files = (
				DB1F00422144E5F400CBB01E /* ViewController.swift in Sources */,
				DB1F00402144E5F400CBB01E /* AppDelegate.swift in Sources */,
				DBE1980C21471C8000D5D1FF /* SettingsViewController.swift in Sources */,
			);
			runOnlyForDeploymentPostprocessing = 0;
		};
		DB1F004C2144E5F600CBB01E /* Sources */ = {
			isa = PBXSourcesBuildPhase;
			buildActionMask = 2147483647;
			files = (
				DB1F00552144E5F600CBB01E /* Tip_CalculatorTests.swift in Sources */,
			);
			runOnlyForDeploymentPostprocessing = 0;
		};
		DB1F00572144E5F600CBB01E /* Sources */ = {
			isa = PBXSourcesBuildPhase;
			buildActionMask = 2147483647;
			files = (
				DB1F00602144E5F600CBB01E /* Tip_CalculatorUITests.swift in Sources */,
			);
			runOnlyForDeploymentPostprocessing = 0;
		};
/* End PBXSourcesBuildPhase section */

/* Begin PBXTargetDependency section */
		DB1F00522144E5F600CBB01E /* PBXTargetDependency */ = {
			isa = PBXTargetDependency;
			target = DB1F003B2144E5F400CBB01E /* Tip Calculator */;
			targetProxy = DB1F00512144E5F600CBB01E /* PBXContainerItemProxy */;
		};
		DB1F005D2144E5F600CBB01E /* PBXTargetDependency */ = {
			isa = PBXTargetDependency;
			target = DB1F003B2144E5F400CBB01E /* Tip Calculator */;
			targetProxy = DB1F005C2144E5F600CBB01E /* PBXContainerItemProxy */;
		};
/* End PBXTargetDependency section */

/* Begin PBXVariantGroup section */
		DB1F00432144E5F400CBB01E /* Main.storyboard */ = {
			isa = PBXVariantGroup;
			children = (
				DB1F00442144E5F400CBB01E /* Base */,
			);
			name = Main.storyboard;
			sourceTree = "<group>";
		};
		DB1F00482144E5F600CBB01E /* LaunchScreen.storyboard */ = {
			isa = PBXVariantGroup;
			children = (
				DB1F00492144E5F600CBB01E /* Base */,
			);
			name = LaunchScreen.storyboard;
			sourceTree = "<group>";
		};
/* End PBXVariantGroup section */

/* Begin XCBuildConfiguration section */
		DB1F00622144E5F600CBB01E /* Debug */ = {
			isa = XCBuildConfiguration;
			buildSettings = {
				ALWAYS_SEARCH_USER_PATHS = NO;
				CLANG_ANALYZER_NONNULL = YES;
				CLANG_ANALYZER_NUMBER_OBJECT_CONVERSION = YES_AGGRESSIVE;
				CLANG_CXX_LANGUAGE_STANDARD = "gnu++14";
				CLANG_CXX_LIBRARY = "libc++";
				CLANG_ENABLE_MODULES = YES;
				CLANG_ENABLE_OBJC_ARC = YES;
				CLANG_ENABLE_OBJC_WEAK = YES;
				CLANG_WARN_BLOCK_CAPTURE_AUTORELEASING = YES;
				CLANG_WARN_BOOL_CONVERSION = YES;
				CLANG_WARN_COMMA = YES;
				CLANG_WARN_CONSTANT_CONVERSION = YES;
				CLANG_WARN_DEPRECATED_OBJC_IMPLEMENTATIONS = YES;
				CLANG_WARN_DIRECT_OBJC_ISA_USAGE = YES_ERROR;
				CLANG_WARN_DOCUMENTATION_COMMENTS = YES;
				CLANG_WARN_EMPTY_BODY = YES;
				CLANG_WARN_ENUM_CONVERSION = YES;
				CLANG_WARN_INFINITE_RECURSION = YES;
				CLANG_WARN_INT_CONVERSION = YES;
				CLANG_WARN_NON_LITERAL_NULL_CONVERSION = YES;
				CLANG_WARN_OBJC_IMPLICIT_RETAIN_SELF = YES;
				CLANG_WARN_OBJC_LITERAL_CONVERSION = YES;
				CLANG_WARN_OBJC_ROOT_CLASS = YES_ERROR;
				CLANG_WARN_RANGE_LOOP_ANALYSIS = YES;
				CLANG_WARN_STRICT_PROTOTYPES = YES;
				CLANG_WARN_SUSPICIOUS_MOVE = YES;
				CLANG_WARN_UNGUARDED_AVAILABILITY = YES_AGGRESSIVE;
				CLANG_WARN_UNREACHABLE_CODE = YES;
				CLANG_WARN__DUPLICATE_METHOD_MATCH = YES;
				CODE_SIGN_IDENTITY = "iPhone Developer";
				COPY_PHASE_STRIP = NO;
				DEBUG_INFORMATION_FORMAT = dwarf;
				ENABLE_STRICT_OBJC_MSGSEND = YES;
				ENABLE_TESTABILITY = YES;
				GCC_C_LANGUAGE_STANDARD = gnu11;
				GCC_DYNAMIC_NO_PIC = NO;
				GCC_NO_COMMON_BLOCKS = YES;
				GCC_OPTIMIZATION_LEVEL = 0;
				GCC_PREPROCESSOR_DEFINITIONS = (
					"DEBUG=1",
					"$(inherited)",
				);
				GCC_WARN_64_TO_32_BIT_CONVERSION = YES;
				GCC_WARN_ABOUT_RETURN_TYPE = YES_ERROR;
				GCC_WARN_UNDECLARED_SELECTOR = YES;
				GCC_WARN_UNINITIALIZED_AUTOS = YES_AGGRESSIVE;
				GCC_WARN_UNUSED_FUNCTION = YES;
				GCC_WARN_UNUSED_VARIABLE = YES;
				IPHONEOS_DEPLOYMENT_TARGET = 11.4;
				MTL_ENABLE_DEBUG_INFO = YES;
				ONLY_ACTIVE_ARCH = YES;
				SDKROOT = iphoneos;
				SWIFT_ACTIVE_COMPILATION_CONDITIONS = DEBUG;
				SWIFT_OPTIMIZATION_LEVEL = "-Onone";
			};
			name = Debug;
		};
		DB1F00632144E5F600CBB01E /* Release */ = {
			isa = XCBuildConfiguration;
			buildSettings = {
				ALWAYS_SEARCH_USER_PATHS = NO;
				CLANG_ANALYZER_NONNULL = YES;
				CLANG_ANALYZER_NUMBER_OBJECT_CONVERSION = YES_AGGRESSIVE;
				CLANG_CXX_LANGUAGE_STANDARD = "gnu++14";
				CLANG_CXX_LIBRARY = "libc++";
				CLANG_ENABLE_MODULES = YES;
				CLANG_ENABLE_OBJC_ARC = YES;
				CLANG_ENABLE_OBJC_WEAK = YES;
				CLANG_WARN_BLOCK_CAPTURE_AUTORELEASING = YES;
				CLANG_WARN_BOOL_CONVERSION = YES;
				CLANG_WARN_COMMA = YES;
				CLANG_WARN_CONSTANT_CONVERSION = YES;
				CLANG_WARN_DEPRECATED_OBJC_IMPLEMENTATIONS = YES;
				CLANG_WARN_DIRECT_OBJC_ISA_USAGE = YES_ERROR;
				CLANG_WARN_DOCUMENTATION_COMMENTS = YES;
				CLANG_WARN_EMPTY_BODY = YES;
				CLANG_WARN_ENUM_CONVERSION = YES;
				CLANG_WARN_INFINITE_RECURSION = YES;
				CLANG_WARN_INT_CONVERSION = YES;
				CLANG_WARN_NON_LITERAL_NULL_CONVERSION = YES;
				CLANG_WARN_OBJC_IMPLICIT_RETAIN_SELF = YES;
				CLANG_WARN_OBJC_LITERAL_CONVERSION = YES;
				CLANG_WARN_OBJC_ROOT_CLASS = YES_ERROR;
				CLANG_WARN_RANGE_LOOP_ANALYSIS = YES;
				CLANG_WARN_STRICT_PROTOTYPES = YES;
				CLANG_WARN_SUSPICIOUS_MOVE = YES;
				CLANG_WARN_UNGUARDED_AVAILABILITY = YES_AGGRESSIVE;
				CLANG_WARN_UNREACHABLE_CODE = YES;
				CLANG_WARN__DUPLICATE_METHOD_MATCH = YES;
				CODE_SIGN_IDENTITY = "iPhone Developer";
				COPY_PHASE_STRIP = NO;
				DEBUG_INFORMATION_FORMAT = "dwarf-with-dsym";
				ENABLE_NS_ASSERTIONS = NO;
				ENABLE_STRICT_OBJC_MSGSEND = YES;
				GCC_C_LANGUAGE_STANDARD = gnu11;
				GCC_NO_COMMON_BLOCKS = YES;
				GCC_WARN_64_TO_32_BIT_CONVERSION = YES;
				GCC_WARN_ABOUT_RETURN_TYPE = YES_ERROR;
				GCC_WARN_UNDECLARED_SELECTOR = YES;
				GCC_WARN_UNINITIALIZED_AUTOS = YES_AGGRESSIVE;
				GCC_WARN_UNUSED_FUNCTION = YES;
				GCC_WARN_UNUSED_VARIABLE = YES;
				IPHONEOS_DEPLOYMENT_TARGET = 11.4;
				MTL_ENABLE_DEBUG_INFO = NO;
				SDKROOT = iphoneos;
				SWIFT_COMPILATION_MODE = wholemodule;
				SWIFT_OPTIMIZATION_LEVEL = "-O";
				VALIDATE_PRODUCT = YES;
			};
			name = Release;
		};
		DB1F00652144E5F600CBB01E /* Debug */ = {
			isa = XCBuildConfiguration;
			buildSettings = {
				ASSETCATALOG_COMPILER_APPICON_NAME = AppIcon;
				CODE_SIGN_STYLE = Automatic;
				DEVELOPMENT_TEAM = 84J4T4GALJ;
				INFOPLIST_FILE = "Tip Calculator/Info.plist";
				LD_RUNPATH_SEARCH_PATHS = (
					"$(inherited)",
					"@executable_path/Frameworks",
				);
				PRODUCT_BUNDLE_IDENTIFIER = "zw.Tip-Calculator";
				PRODUCT_NAME = "$(TARGET_NAME)";
				SWIFT_VERSION = 4.0;
				TARGETED_DEVICE_FAMILY = 1;
			};
			name = Debug;
		};
		DB1F00662144E5F600CBB01E /* Release */ = {
			isa = XCBuildConfiguration;
			buildSettings = {
				ASSETCATALOG_COMPILER_APPICON_NAME = AppIcon;
				CODE_SIGN_STYLE = Automatic;
				DEVELOPMENT_TEAM = 84J4T4GALJ;
				INFOPLIST_FILE = "Tip Calculator/Info.plist";
				LD_RUNPATH_SEARCH_PATHS = (
					"$(inherited)",
					"@executable_path/Frameworks",
				);
				PRODUCT_BUNDLE_IDENTIFIER = "zw.Tip-Calculator";
				PRODUCT_NAME = "$(TARGET_NAME)";
				SWIFT_VERSION = 4.0;
				TARGETED_DEVICE_FAMILY = 1;
			};
			name = Release;
		};
		DB1F00682144E5F600CBB01E /* Debug */ = {
			isa = XCBuildConfiguration;
			buildSettings = {
				ALWAYS_EMBED_SWIFT_STANDARD_LIBRARIES = YES;
				BUNDLE_LOADER = "$(TEST_HOST)";
				CODE_SIGN_STYLE = Automatic;
				DEVELOPMENT_TEAM = 84J4T4GALJ;
				INFOPLIST_FILE = "Tip CalculatorTests/Info.plist";
				LD_RUNPATH_SEARCH_PATHS = (
					"$(inherited)",
					"@executable_path/Frameworks",
					"@loader_path/Frameworks",
				);
				PRODUCT_BUNDLE_IDENTIFIER = "zw.Tip-CalculatorTests";
				PRODUCT_NAME = "$(TARGET_NAME)";
				SWIFT_VERSION = 4.0;
				TARGETED_DEVICE_FAMILY = "1,2";
				TEST_HOST = "$(BUILT_PRODUCTS_DIR)/Tip Calculator.app/Tip Calculator";
			};
			name = Debug;
		};
		DB1F00692144E5F600CBB01E /* Release */ = {
			isa = XCBuildConfiguration;
			buildSettings = {
				ALWAYS_EMBED_SWIFT_STANDARD_LIBRARIES = YES;
				BUNDLE_LOADER = "$(TEST_HOST)";
				CODE_SIGN_STYLE = Automatic;
				DEVELOPMENT_TEAM = 84J4T4GALJ;
				INFOPLIST_FILE = "Tip CalculatorTests/Info.plist";
				LD_RUNPATH_SEARCH_PATHS = (
					"$(inherited)",
					"@executable_path/Frameworks",
					"@loader_path/Frameworks",
				);
				PRODUCT_BUNDLE_IDENTIFIER = "zw.Tip-CalculatorTests";
				PRODUCT_NAME = "$(TARGET_NAME)";
				SWIFT_VERSION = 4.0;
				TARGETED_DEVICE_FAMILY = "1,2";
				TEST_HOST = "$(BUILT_PRODUCTS_DIR)/Tip Calculator.app/Tip Calculator";
			};
			name = Release;
		};
		DB1F006B2144E5F600CBB01E /* Debug */ = {
			isa = XCBuildConfiguration;
			buildSettings = {
				ALWAYS_EMBED_SWIFT_STANDARD_LIBRARIES = YES;
				CODE_SIGN_STYLE = Automatic;
				DEVELOPMENT_TEAM = 84J4T4GALJ;
				INFOPLIST_FILE = "Tip CalculatorUITests/Info.plist";
				LD_RUNPATH_SEARCH_PATHS = (
					"$(inherited)",
					"@executable_path/Frameworks",
					"@loader_path/Frameworks",
				);
				PRODUCT_BUNDLE_IDENTIFIER = "zw.Tip-CalculatorUITests";
				PRODUCT_NAME = "$(TARGET_NAME)";
				SWIFT_VERSION = 4.0;
				TARGETED_DEVICE_FAMILY = "1,2";
				TEST_TARGET_NAME = "Tip Calculator";
			};
			name = Debug;
		};
		DB1F006C2144E5F600CBB01E /* Release */ = {
			isa = XCBuildConfiguration;
			buildSettings = {
				ALWAYS_EMBED_SWIFT_STANDARD_LIBRARIES = YES;
				CODE_SIGN_STYLE = Automatic;
				DEVELOPMENT_TEAM = 84J4T4GALJ;
				INFOPLIST_FILE = "Tip CalculatorUITests/Info.plist";
				LD_RUNPATH_SEARCH_PATHS = (
					"$(inherited)",
					"@executable_path/Frameworks",
					"@loader_path/Frameworks",
				);
				PRODUCT_BUNDLE_IDENTIFIER = "zw.Tip-CalculatorUITests";
				PRODUCT_NAME = "$(TARGET_NAME)";
				SWIFT_VERSION = 4.0;
				TARGETED_DEVICE_FAMILY = "1,2";
				TEST_TARGET_NAME = "Tip Calculator";
			};
			name = Release;
		};
/* End XCBuildConfiguration section */

/* Begin XCConfigurationList section */
		DB1F00372144E5F400CBB01E /* Build configuration list for PBXProject "Tip Calculator" */ = {
			isa = XCConfigurationList;
			buildConfigurations = (
				DB1F00622144E5F600CBB01E /* Debug */,
				DB1F00632144E5F600CBB01E /* Release */,
			);
			defaultConfigurationIsVisible = 0;
			defaultConfigurationName = Release;
		};
		DB1F00642144E5F600CBB01E /* Build configuration list for PBXNativeTarget "Tip Calculator" */ = {
			isa = XCConfigurationList;
			buildConfigurations = (
				DB1F00652144E5F600CBB01E /* Debug */,
				DB1F00662144E5F600CBB01E /* Release */,
			);
			defaultConfigurationIsVisible = 0;
			defaultConfigurationName = Release;
		};
		DB1F00672144E5F600CBB01E /* Build configuration list for PBXNativeTarget "Tip CalculatorTests" */ = {
			isa = XCConfigurationList;
			buildConfigurations = (
				DB1F00682144E5F600CBB01E /* Debug */,
				DB1F00692144E5F600CBB01E /* Release */,
			);
			defaultConfigurationIsVisible = 0;
			defaultConfigurationName = Release;
		};
		DB1F006A2144E5F600CBB01E /* Build configuration list for PBXNativeTarget "Tip CalculatorUITests" */ = {
			isa = XCConfigurationList;
			buildConfigurations = (
				DB1F006B2144E5F600CBB01E /* Debug */,
				DB1F006C2144E5F600CBB01E /* Release */,
			);
			defaultConfigurationIsVisible = 0;
			defaultConfigurationName = Release;
		};
/* End XCConfigurationList section */
	};
	rootObject = DB1F00342144E5F400CBB01E /* Project object */;
}
